
Microsoft Visual Studio Solution File, Format Version 12.00
# Visual Studio Version 17
VisualStudioVersion = 17.4.33205.214
MinimumVisualStudioVersion = 10.0.40219.1
Project("{9A19103F-16F7-4668-BE54-9A1E7A4F7556}") = "EntertenimentManagement", "EntertenimentManagement\EntertenimentManagement.csproj", "{E183CE8E-832D-4348-9119-3393D39C41B3}"
EndProject
Project("{9A19103F-16F7-4668-BE54-9A1E7A4F7556}") = "EntertenimentManagement.API", "EntertenimentManagement.API\EntertenimentManagement.API.csproj", "{9310762D-0298-4A82-9726-587F08A92123}"
EndProject
Global
	GlobalSection(SolutionConfigurationPlatforms) = preSolution
		Debug|Any CPU = Debug|Any CPU
		Release|Any CPU = Release|Any CPU
	EndGlobalSection
	GlobalSection(ProjectConfigurationPlatforms) = postSolution
		{E183CE8E-832D-4348-9119-3393D39C41B3}.Debug|Any CPU.ActiveCfg = Debug|Any CPU
		{E183CE8E-832D-4348-9119-3393D39C41B3}.Debug|Any CPU.Build.0 = Debug|Any CPU
		{E183CE8E-832D-4348-9119-3393D39C41B3}.Release|Any CPU.ActiveCfg = Release|Any CPU
		{E183CE8E-832D-4348-9119-3393D39C41B3}.Release|Any CPU.Build.0 = Release|Any CPU
		{9310762D-0298-4A82-9726-587F08A92123}.Debug|Any CPU.ActiveCfg = Debug|Any CPU
		{9310762D-0298-4A82-9726-587F08A92123}.Debug|Any CPU.Build.0 = Debug|Any CPU
		{9310762D-0298-4A82-9726-587F08A92123}.Release|Any CPU.ActiveCfg = Release|Any CPU
		{9310762D-0298-4A82-9726-587F08A92123}.Release|Any CPU.Build.0 = Release|Any CPU
	EndGlobalSection
	GlobalSection(SolutionProperties) = preSolution
		HideSolutionNode = FALSE
	EndGlobalSection
	GlobalSection(ExtensibilityGlobals) = postSolution
		SolutionGuid = {9703A713-596D-47AA-A9CA-383779F46BF5}
	EndGlobalSection
EndGlobal
